
Microsoft Visual Studio Solution File, Format Version 12.00
# Visual Studio Version 17
VisualStudioVersion = 17.14.36127.28 d17.14
MinimumVisualStudioVersion = 10.0.40219.1
Project("{FAE04EC0-301F-11D3-BF4B-00C04F79EFBC}") = "admin-service", "admin-service.csproj", "{AE6963F6-A1C1-40FB-82BA-FED6E701F9BA}"
EndProject
Global
	GlobalSection(SolutionConfigurationPlatforms) = preSolution
		Debug|Any CPU = Debug|Any CPU
		Release|Any CPU = Release|Any CPU
	EndGlobalSection
	GlobalSection(ProjectConfigurationPlatforms) = postSolution
		{AE6963F6-A1C1-40FB-82BA-FED6E701F9BA}.Debug|Any CPU.ActiveCfg = Debug|Any CPU
		{AE6963F6-A1C1-40FB-82BA-FED6E701F9BA}.Debug|Any CPU.Build.0 = Debug|Any CPU
		{AE6963F6-A1C1-40FB-82BA-FED6E701F9BA}.Release|Any CPU.ActiveCfg = Release|Any CPU
		{AE6963F6-A1C1-40FB-82BA-FED6E701F9BA}.Release|Any CPU.Build.0 = Release|Any CPU
	EndGlobalSection
	GlobalSection(SolutionProperties) = preSolution
		HideSolutionNode = FALSE
	EndGlobalSection
	GlobalSection(ExtensibilityGlobals) = postSolution
		SolutionGuid = {66B2A168-4883-4A15-B138-5F33340C1560}
	EndGlobalSection
EndGlobal
